
Microsoft Visual Studio Solution File, Format Version 12.00
# Visual Studio Version 17
VisualStudioVersion = 17.5.33530.505
MinimumVisualStudioVersion = 10.0.40219.1
Project("{FAE04EC0-301F-11D3-BF4B-00C04F79EFBC}") = "Asp.Backend.API", "Asp.Backend.API\Asp.Backend.API.csproj", "{F5FBB018-1DD6-4F69-A90C-24BB3117FD9C}"
EndProject
Project("{FAE04EC0-301F-11D3-BF4B-00C04F79EFBC}") = "AspTest.UnitTest", "AspTest.UnitTest\AspTest.UnitTest.csproj", "{F5DEE2B6-91FD-4780-AF06-CB90BEE45AA3}"
EndProject
Global
	GlobalSection(SolutionConfigurationPlatforms) = preSolution
		Debug|Any CPU = Debug|Any CPU
		Release|Any CPU = Release|Any CPU
	EndGlobalSection
	GlobalSection(ProjectConfigurationPlatforms) = postSolution
		{F5FBB018-1DD6-4F69-A90C-24BB3117FD9C}.Debug|Any CPU.ActiveCfg = Debug|Any CPU
		{F5FBB018-1DD6-4F69-A90C-24BB3117FD9C}.Debug|Any CPU.Build.0 = Debug|Any CPU
		{F5FBB018-1DD6-4F69-A90C-24BB3117FD9C}.Release|Any CPU.ActiveCfg = Release|Any CPU
		{F5FBB018-1DD6-4F69-A90C-24BB3117FD9C}.Release|Any CPU.Build.0 = Release|Any CPU
		{F5DEE2B6-91FD-4780-AF06-CB90BEE45AA3}.Debug|Any CPU.ActiveCfg = Debug|Any CPU
		{F5DEE2B6-91FD-4780-AF06-CB90BEE45AA3}.Debug|Any CPU.Build.0 = Debug|Any CPU
		{F5DEE2B6-91FD-4780-AF06-CB90BEE45AA3}.Release|Any CPU.ActiveCfg = Release|Any CPU
		{F5DEE2B6-91FD-4780-AF06-CB90BEE45AA3}.Release|Any CPU.Build.0 = Release|Any CPU
	EndGlobalSection
	GlobalSection(SolutionProperties) = preSolution
		HideSolutionNode = FALSE
	EndGlobalSection
	GlobalSection(ExtensibilityGlobals) = postSolution
		SolutionGuid = {23353FF3-3576-47E2-B009-D767F6609C3A}
	EndGlobalSection
EndGlobal
